{
  "requires": true,
  "lockfileVersion": 1,
  "dependencies": {
    "crypto-random-string": {
      "version": "3.0.1",
      "resolved": "https://registry.npmjs.org/crypto-random-string/-/crypto-random-string-3.0.1.tgz",
      "integrity": "sha512-dUL0cJ4PBLanJGJQBHQUkvZ3C4q13MXzl54oRqAIiJGiNkOZ4JDwkg/SBo7daGghzlJv16yW1p/4lIQukmbedA==",
      "requires": {
        "type-fest": "^0.5.2"
      }
    },
    "type-fest": {
      "version": "0.5.2",
      "resolved": "https://registry.npmjs.org/type-fest/-/type-fest-0.5.2.tgz",
      "integrity": "sha512-DWkS49EQKVX//Tbupb9TFa19c7+MK1XmzkrZUR8TAktmE/DizXoaoJV6TZ/tSIPXipqNiRI6CyAe7x69Jb6RSw=="
    }
  }
}
